PODS:
  - Flutter (1.0.0)
  - stringcare (0.0.1):
    - Flutter

DEPENDENCIES:
  - Flutter (from `Flutter`)
  - stringcare (from `.symlinks/plugins/stringcare/ios`)

EXTERNAL SOURCES:
  Flutter:
    :path: Flutter
  stringcare:
    :path: ".symlinks/plugins/stringcare/ios"

SPEC CHECKSUMS:
  Flutter: 0e3d915762c693b495b44d77113d4970485de6ec
  stringcare: 843b229f81e53627e09cb2e999f21d52a554a030

PODFILE CHECKSUM: aafe91acc616949ddb318b77800a7f51bffa2a4c

COCOAPODS: 1.10.1
