PODS:
  - FlutterMacOS (1.0.0)
  - stringcare (0.0.1):
    - FlutterMacOS

DEPENDENCIES:
  - FlutterMacOS (from `Flutter/ephemeral`)
  - stringcare (from `Flutter/ephemeral/.symlinks/plugins/stringcare/macos`)

EXTERNAL SOURCES:
  FlutterMacOS:
    :path: Flutter/ephemeral
  stringcare:
    :path: Flutter/ephemeral/.symlinks/plugins/stringcare/macos

SPEC CHECKSUMS:
  FlutterMacOS: 57701585bf7de1b3fc2bb61f6378d73bbdea8424
  stringcare: 12ca62e6fdff5f7a90576ec0bcc4f4f7aab05ed1

PODFILE CHECKSUM: 6eac6b3292e5142cfc23bdeb71848a40ec51c14c

COCOAPODS: 1.10.1
